
Microsoft Visual Studio Solution File, Format Version 12.00
# Visual Studio Version 16
VisualStudioVersion = 16.0.30804.86
MinimumVisualStudioVersion = 10.0.40219.1
Project("{9A19103F-16F7-4668-BE54-9A1E7A4F7556}") = "Kampİntro", "Kampİntro\Kampİntro.csproj", "{3BE0C2ED-87CB-49E6-ABB3-A130264A35E3}"
EndProject
Project("{9A19103F-16F7-4668-BE54-9A1E7A4F7556}") = "Donguler", "Donguler\Donguler.csproj", "{1AB76682-3EFD-44D7-BC4C-866D6BC327EB}"
EndProject
Project("{9A19103F-16F7-4668-BE54-9A1E7A4F7556}") = "Classİntro", "Classİntro\Classİntro.csproj", "{A81D51B4-6BC2-4DB0-8FAC-1A5DD3FC4370}"
EndProject
Project("{9A19103F-16F7-4668-BE54-9A1E7A4F7556}") = "Metotlar", "Metotlar\Metotlar.csproj", "{B0664BC4-F1A8-4991-9CFF-1E4A85DCC163}"
EndProject
Project("{9A19103F-16F7-4668-BE54-9A1E7A4F7556}") = "Matematik", "Matematik\Matematik.csproj", "{8404BFA2-2571-46A2-873D-A539B0F2D1EC}"
EndProject
Project("{FAE04EC0-301F-11D3-BF4B-00C04F79EFBC}") = "DegerVeReferansTipler", "DegerVeReferansTipler\DegerVeReferansTipler.csproj", "{82C5C1F3-CDA1-4F02-A5E7-0157613DAAE7}"
EndProject
Global
	GlobalSection(SolutionConfigurationPlatforms) = preSolution
		Debug|Any CPU = Debug|Any CPU
		Release|Any CPU = Release|Any CPU
	EndGlobalSection
	GlobalSection(ProjectConfigurationPlatforms) = postSolution
		{3BE0C2ED-87CB-49E6-ABB3-A130264A35E3}.Debug|Any CPU.ActiveCfg = Debug|Any CPU
		{3BE0C2ED-87CB-49E6-ABB3-A130264A35E3}.Debug|Any CPU.Build.0 = Debug|Any CPU
		{3BE0C2ED-87CB-49E6-ABB3-A130264A35E3}.Release|Any CPU.ActiveCfg = Release|Any CPU
		{3BE0C2ED-87CB-49E6-ABB3-A130264A35E3}.Release|Any CPU.Build.0 = Release|Any CPU
		{1AB76682-3EFD-44D7-BC4C-866D6BC327EB}.Debug|Any CPU.ActiveCfg = Debug|Any CPU
		{1AB76682-3EFD-44D7-BC4C-866D6BC327EB}.Debug|Any CPU.Build.0 = Debug|Any CPU
		{1AB76682-3EFD-44D7-BC4C-866D6BC327EB}.Release|Any CPU.ActiveCfg = Release|Any CPU
		{1AB76682-3EFD-44D7-BC4C-866D6BC327EB}.Release|Any CPU.Build.0 = Release|Any CPU
		{A81D51B4-6BC2-4DB0-8FAC-1A5DD3FC4370}.Debug|Any CPU.ActiveCfg = Debug|Any CPU
		{A81D51B4-6BC2-4DB0-8FAC-1A5DD3FC4370}.Debug|Any CPU.Build.0 = Debug|Any CPU
		{A81D51B4-6BC2-4DB0-8FAC-1A5DD3FC4370}.Release|Any CPU.ActiveCfg = Release|Any CPU
		{A81D51B4-6BC2-4DB0-8FAC-1A5DD3FC4370}.Release|Any CPU.Build.0 = Release|Any CPU
		{B0664BC4-F1A8-4991-9CFF-1E4A85DCC163}.Debug|Any CPU.ActiveCfg = Debug|Any CPU
		{B0664BC4-F1A8-4991-9CFF-1E4A85DCC163}.Debug|Any CPU.Build.0 = Debug|Any CPU
		{B0664BC4-F1A8-4991-9CFF-1E4A85DCC163}.Release|Any CPU.ActiveCfg = Release|Any CPU
		{B0664BC4-F1A8-4991-9CFF-1E4A85DCC163}.Release|Any CPU.Build.0 = Release|Any CPU
		{8404BFA2-2571-46A2-873D-A539B0F2D1EC}.Debug|Any CPU.ActiveCfg = Debug|Any CPU
		{8404BFA2-2571-46A2-873D-A539B0F2D1EC}.Debug|Any CPU.Build.0 = Debug|Any CPU
		{8404BFA2-2571-46A2-873D-A539B0F2D1EC}.Release|Any CPU.ActiveCfg = Release|Any CPU
		{8404BFA2-2571-46A2-873D-A539B0F2D1EC}.Release|Any CPU.Build.0 = Release|Any CPU
		{82C5C1F3-CDA1-4F02-A5E7-0157613DAAE7}.Debug|Any CPU.ActiveCfg = Debug|Any CPU
		{82C5C1F3-CDA1-4F02-A5E7-0157613DAAE7}.Debug|Any CPU.Build.0 = Debug|Any CPU
		{82C5C1F3-CDA1-4F02-A5E7-0157613DAAE7}.Release|Any CPU.ActiveCfg = Release|Any CPU
		{82C5C1F3-CDA1-4F02-A5E7-0157613DAAE7}.Release|Any CPU.Build.0 = Release|Any CPU
	EndGlobalSection
	GlobalSection(SolutionProperties) = preSolution
		HideSolutionNode = FALSE
	EndGlobalSection
	GlobalSection(ExtensibilityGlobals) = postSolution
		SolutionGuid = {1918635D-4A82-45E8-B1B5-4ADADE0F80CC}
	EndGlobalSection
EndGlobal
